{
  "name": "dashup-container",
  "version": "1.0",
  "lockfileVersion": 1,
  "requires": true,
  "dependencies": {
    "@polymer/lit-element": {
      "version": "0.6.5",
      "resolved": "https://registry.npmjs.org/@polymer/lit-element/-/lit-element-0.6.5.tgz",
      "integrity": "sha512-KVjuU/5Ugp6PFob6YEe1/B4GCKjqhEy9Tj954shL6d3DohT2sNAmbX9QfbXvcZ8RhbVELK6dzbN3i2BRA3mOKg==",
      "requires": {
        "lit-html": "^1.0.0-rc.1"
      }
    },
    "@polymer/polymer": {
      "version": "3.1.0",
      "resolved": "https://registry.npmjs.org/@polymer/polymer/-/polymer-3.1.0.tgz",
      "integrity": "sha512-hwN8IMERsFATz/9dSMxYHL+84J9uBkPuuarxJWlTsppZ4CAYTZKnepBfNrKoyNsafBmA3yXBiiKPPf+fJtza7A==",
      "requires": {
        "@webcomponents/shadycss": "^1.5.2"
      },
      "dependencies": {
        "@webcomponents/shadycss": {
          "version": "1.7.1",
          "resolved": "https://registry.npmjs.org/@webcomponents/shadycss/-/shadycss-1.7.1.tgz",
          "integrity": "sha512-6SZqLajRPWL0rrKDZOGF8PCBq5B9JqgFmE5rX5psk6i8WrqiMkSCuO8+rnirzViTsU5CqnjQPFC3OvG4YJdMrQ=="
        }
      }
    },
    "@webcomponents/webcomponentsjs": {
      "version": "2.2.1",
      "resolved": "https://registry.npmjs.org/@webcomponents/webcomponentsjs/-/webcomponentsjs-2.2.1.tgz",
      "integrity": "sha512-lZZ+Lkke6JhsJcQQqSVk1Pny6/8y4qhJ98LO7a/MwBSRO8WqHqK1X2vscfeL8vOnYGFnmBUyVG95lwYv/AXyLQ==",
      "dev": true
    },
    "gridstack": {
      "version": "0.4.0",
      "resolved": "https://registry.npmjs.org/gridstack/-/gridstack-0.4.0.tgz",
      "integrity": "sha512-N8ehAjdZWNm1lik9J34X9YrjGla9+9odm0RmrpLmUaQUit99ap+ve8TdYkJR/JlUMfI1zBgmxNcAxVWMKKpkWw==",
      "requires": {
        "jquery": "^3.1.0",
        "jquery-ui": "^1.12.0",
        "lodash": "^4.17.10"
      }
    },
    "jquery": {
      "version": "3.3.1",
      "resolved": "https://registry.npmjs.org/jquery/-/jquery-3.3.1.tgz",
      "integrity": "sha512-Ubldcmxp5np52/ENotGxlLe6aGMvmF4R8S6tZjsP6Knsaxd/xp3Zrh50cG93lR6nPXyUFwzN3ZSOQI0wRJNdGg=="
    },
    "jquery-ui": {
      "version": "1.12.1",
      "resolved": "https://registry.npmjs.org/jquery-ui/-/jquery-ui-1.12.1.tgz",
      "integrity": "sha1-vLQEXI3QU5wTS8FIjN0+dop6nlE="
    },
    "lit-html": {
      "version": "1.0.0-rc.1",
      "resolved": "https://registry.npmjs.org/lit-html/-/lit-html-1.0.0-rc.1.tgz",
      "integrity": "sha512-Qyu+lHpRtJS3Addw56rK68KgZ5cdxTfRDmYNwd8gRQBImdhkE0uyqIT5usLE9YDezFeYVqgAc2WujOOi8taF1A=="
    },
    "lodash": {
      "version": "4.17.11",
      "resolved": "https://registry.npmjs.org/lodash/-/lodash-4.17.11.tgz",
      "integrity": "sha512-cQKh8igo5QUhZ7lg38DYWAxMvjSAKG0A8wGSVimP07SIUEK2UO+arSRKbRZWtelMtN5V0Hkwh5ryOto/SshYIg=="
    }
  }
}
