{
  "name": "webcomponents",
  "version": "1.0.0",
  "lockfileVersion": 1,
  "requires": true,
  "dependencies": {
    "@polymer/lit-element": {
      "version": "0.7.1",
      "resolved": "https://registry.npmjs.org/@polymer/lit-element/-/lit-element-0.7.1.tgz",
      "integrity": "sha512-aYSzVhC19l7xSm73aHI06VPcD/H+GxpFNZrhbJ+zVIpgAveOgGp5Ga7UtTBHQCdHlJbZ0dMlaBXMZ3twgXCokg==",
      "requires": {
        "lit-html": "^1.0.0-rc.2"
      }
    },
    "@webcomponents/webcomponentsjs": {
      "version": "2.2.7",
      "resolved": "https://registry.npmjs.org/@webcomponents/webcomponentsjs/-/webcomponentsjs-2.2.7.tgz",
      "integrity": "sha512-kPPjzV+5kpoWpTniyvBSPcXS33f3j/C6HvNOJ3YecF3pvz3XwVeU4ammbxtVy/osF3z7hr1DYNptIf4oPEvXZA=="
    },
    "gridstack": {
      "version": "0.4.0",
      "resolved": "https://registry.npmjs.org/gridstack/-/gridstack-0.4.0.tgz",
      "integrity": "sha512-N8ehAjdZWNm1lik9J34X9YrjGla9+9odm0RmrpLmUaQUit99ap+ve8TdYkJR/JlUMfI1zBgmxNcAxVWMKKpkWw==",
      "requires": {
        "jquery": "^3.1.0",
        "jquery-ui": "^1.12.0",
        "lodash": "^4.17.10"
      }
    },
    "jquery": {
      "version": "3.3.1",
      "resolved": "https://registry.npmjs.org/jquery/-/jquery-3.3.1.tgz",
      "integrity": "sha512-Ubldcmxp5np52/ENotGxlLe6aGMvmF4R8S6tZjsP6Knsaxd/xp3Zrh50cG93lR6nPXyUFwzN3ZSOQI0wRJNdGg=="
    },
    "jquery-ui": {
      "version": "1.12.1",
      "resolved": "https://registry.npmjs.org/jquery-ui/-/jquery-ui-1.12.1.tgz",
      "integrity": "sha1-vLQEXI3QU5wTS8FIjN0+dop6nlE="
    },
    "lit-html": {
      "version": "1.0.0-rc.2",
      "resolved": "https://registry.npmjs.org/lit-html/-/lit-html-1.0.0-rc.2.tgz",
      "integrity": "sha512-4bq34lhVmwWly1zBXicOBJLOwaWfjOVbchEEmFnZLuztxjh5wRd2WqV0URX8Q47MQ7PaIjn/eXyTRKsYhSAeRw=="
    },
    "lodash": {
      "version": "4.17.11",
      "resolved": "https://registry.npmjs.org/lodash/-/lodash-4.17.11.tgz",
      "integrity": "sha512-cQKh8igo5QUhZ7lg38DYWAxMvjSAKG0A8wGSVimP07SIUEK2UO+arSRKbRZWtelMtN5V0Hkwh5ryOto/SshYIg=="
    }
  }
}
